// !$*UTF8*$!
{
	archiveVersion = 1;
	classes = {
	};
	objectVersion = 45;
	objects = {

/* Begin PBXBuildFile section */
		2481364C115A750000E3A9BA /* iPhoneSimulator.m in Sources */ = {isa = PBXBuildFile; fileRef = 24813648115A750000E3A9BA /* iPhoneSimulator.m */; };
		2481364D115A750000E3A9BA /* main.m in Sources */ = {isa = PBXBuildFile; fileRef = 24813649115A750000E3A9BA /* main.m */; };
		2481364E115A750000E3A9BA /* nsprintf.m in Sources */ = {isa = PBXBuildFile; fileRef = 2481364B115A750000E3A9BA /* nsprintf.m */; };
		51448B3412BCF637001F99BD /* NSString+expandPath.m in Sources */ = {isa = PBXBuildFile; fileRef = 51448B3312BCF637001F99BD /* NSString+expandPath.m */; };
		8DD76F9C0486AA7600D96B5E /* Foundation.framework in Frameworks */ = {isa = PBXBuildFile; fileRef = 08FB779EFE84155DC02AAC07 /* Foundation.framework */; };
		CEDBC20A1ABA0DF900F05586 /* PushNotificationPayload.apns in Resources */ = {isa = PBXBuildFile; fileRef = CEDBC2091ABA0DF900F05586 /* PushNotificationPayload.apns */; };
		CEDCFC251AB7487F00467B78 /* ios_sim_tests.m in Sources */ = {isa = PBXBuildFile; fileRef = CEDCFC241AB7487F00467B78 /* ios_sim_tests.m */; };
		DAD3AA931476F03C000828B8 /* ipad.plist in CopyFiles */ = {isa = PBXBuildFile; fileRef = DAD3AA901476F03C000828B8 /* ipad.plist */; };
		DAD3AA941476F03C000828B8 /* iphone.plist in CopyFiles */ = {isa = PBXBuildFile; fileRef = DAD3AA911476F03C000828B8 /* iphone.plist */; };
		DAD3AA951476F03C000828B8 /* retina.plist in CopyFiles */ = {isa = PBXBuildFile; fileRef = DAD3AA921476F03C000828B8 /* retina.plist */; };
/* End PBXBuildFile section */

/* Begin PBXContainerItemProxy section */
		CEDCFC291AB748CB00467B78 /* PBXContainerItemProxy */ = {
			isa = PBXContainerItemProxy;
			containerPortal = 08FB7793FE84155DC02AAC07 /* Project object */;
			proxyType = 1;
			remoteGlobalIDString = 8DD76F960486AA7600D96B5E;
			remoteInfo = "ios-sim";
		};
/* End PBXContainerItemProxy section */

/* Begin PBXCopyFilesBuildPhase section */
		8DD76F9E0486AA7600D96B5E /* CopyFiles */ = {
			isa = PBXCopyFilesBuildPhase;
			buildActionMask = 12;
			dstPath = configs;
			dstSubfolderSpec = 7;
			files = (
				DAD3AA931476F03C000828B8 /* ipad.plist in CopyFiles */,
				DAD3AA941476F03C000828B8 /* iphone.plist in CopyFiles */,
				DAD3AA951476F03C000828B8 /* retina.plist in CopyFiles */,
			);
			runOnlyForDeploymentPostprocessing = 0;
		};
/* End PBXCopyFilesBuildPhase section */

/* Begin PBXFileReference section */
		08FB779EFE84155DC02AAC07 /* Foundation.framework */ = {isa = PBXFileReference; lastKnownFileType = wrapper.framework; name = Foundation.framework; path = /System/Library/Frameworks/Foundation.framework; sourceTree = "<absolute>"; };
		24813647115A750000E3A9BA /* iPhoneSimulator.h */ = {isa = PBXFileReference; fileEncoding = 4; indentWidth = 4; lastKnownFileType = sourcecode.c.h; name = iPhoneSimulator.h; path = Source/iPhoneSimulator.h; sourceTree = "<group>"; tabWidth = 4; usesTabs = 1; };
		24813648115A750000E3A9BA /* iPhoneSimulator.m */ = {isa = PBXFileReference; fileEncoding = 4; indentWidth = 4; lastKnownFileType = sourcecode.c.objc; name = iPhoneSimulator.m; path = Source/iPhoneSimulator.m; sourceTree = "<group>"; usesTabs = 1; };
		24813649115A750000E3A9BA /* main.m */ = {isa = PBXFileReference; fileEncoding = 4; lastKnownFileType = sourcecode.c.objc; name = main.m; path = Source/main.m; sourceTree = "<group>"; };
		2481364A115A750000E3A9BA /* nsprintf.h */ = {isa = PBXFileReference; fileEncoding = 4; lastKnownFileType = sourcecode.c.h; name = nsprintf.h; path = Source/nsprintf.h; sourceTree = "<group>"; };
		2481364B115A750000E3A9BA /* nsprintf.m */ = {isa = PBXFileReference; fileEncoding = 4; lastKnownFileType = sourcecode.c.objc; name = nsprintf.m; path = Source/nsprintf.m; sourceTree = "<group>"; };
		2BB505CF197F14DD00AB44E6 /* DVTiPhoneSimulatorRemoteClient.h */ = {isa = PBXFileReference; fileEncoding = 4; lastKnownFileType = sourcecode.c.h; path = DVTiPhoneSimulatorRemoteClient.h; sourceTree = "<group>"; };
		2BB505D1197F218700AB44E6 /* CoreSimulator.h */ = {isa = PBXFileReference; fileEncoding = 4; lastKnownFileType = sourcecode.c.h; path = CoreSimulator.h; sourceTree = "<group>"; };
		32A70AAB03705E1F00C91783 /* ios-sim_Prefix.pch */ = {isa = PBXFileReference; fileEncoding = 4; lastKnownFileType = sourcecode.c.h; path = "ios-sim_Prefix.pch"; sourceTree = "<group>"; };
		51448B3212BCF637001F99BD /* NSString+expandPath.h */ = {isa = PBXFileReference; fileEncoding = 4; lastKnownFileType = sourcecode.c.h; name = "NSString+expandPath.h"; path = "Source/NSString+expandPath.h"; sourceTree = "<group>"; };
		51448B3312BCF637001F99BD /* NSString+expandPath.m */ = {isa = PBXFileReference; fileEncoding = 4; lastKnownFileType = sourcecode.c.objc; name = "NSString+expandPath.m"; path = "Source/NSString+expandPath.m"; sourceTree = "<group>"; };
		51448B3512BD0328001F99BD /* version.h */ = {isa = PBXFileReference; fileEncoding = 4; lastKnownFileType = sourcecode.c.h; name = version.h; path = Source/version.h; sourceTree = "<group>"; };
		8DD76FA10486AA7600D96B5E /* ios-sim */ = {isa = PBXFileReference; explicitFileType = "compiled.mach-o.executable"; includeInIndex = 0; path = "ios-sim"; sourceTree = BUILT_PRODUCTS_DIR; };
		CE84E7651AAFA7A10042581C /* IDEiOSSupportCore.h */ = {isa = PBXFileReference; fileEncoding = 4; lastKnownFileType = sourcecode.c.h; path = IDEiOSSupportCore.h; sourceTree = "<group>"; };
		CE84E7671AB0AE010042581C /* DVTFoundation.h */ = {isa = PBXFileReference; fileEncoding = 4; lastKnownFileType = sourcecode.c.h; path = DVTFoundation.h; sourceTree = "<group>"; };
		CEDBC2091ABA0DF900F05586 /* PushNotificationPayload.apns */ = {isa = PBXFileReference; fileEncoding = 4; lastKnownFileType = text; path = PushNotificationPayload.apns; sourceTree = "<group>"; };
		CEDCFC201AB7487F00467B78 /* ios-sim-tests.xctest */ = {isa = PBXFileReference; explicitFileType = wrapper.cfbundle; includeInIndex = 0; path = "ios-sim-tests.xctest"; sourceTree = BUILT_PRODUCTS_DIR; };
		CEDCFC231AB7487F00467B78 /* Info.plist */ = {isa = PBXFileReference; lastKnownFileType = text.plist.xml; path = Info.plist; sourceTree = "<group>"; };
		CEDCFC241AB7487F00467B78 /* ios_sim_tests.m */ = {isa = PBXFileReference; lastKnownFileType = sourcecode.c.objc; path = ios_sim_tests.m; sourceTree = "<group>"; };
		DAD3AA901476F03C000828B8 /* ipad.plist */ = {isa = PBXFileReference; lastKnownFileType = text.plist.xml; name = ipad.plist; path = configs/ipad.plist; sourceTree = "<group>"; };
		DAD3AA911476F03C000828B8 /* iphone.plist */ = {isa = PBXFileReference; lastKnownFileType = text.plist.xml; name = iphone.plist; path = configs/iphone.plist; sourceTree = "<group>"; };
		DAD3AA921476F03C000828B8 /* retina.plist */ = {isa = PBXFileReference; lastKnownFileType = text.plist.xml; name = retina.plist; path = configs/retina.plist; sourceTree = "<group>"; };
/* End PBXFileReference section */

/* Begin PBXFrameworksBuildPhase section */
		8DD76F9B0486AA7600D96B5E /* Frameworks */ = {
			isa = PBXFrameworksBuildPhase;
			buildActionMask = 2147483647;
			files = (
				8DD76F9C0486AA7600D96B5E /* Foundation.framework in Frameworks */,
			);
			runOnlyForDeploymentPostprocessing = 0;
		};
		CEDCFC1D1AB7487F00467B78 /* Frameworks */ = {
			isa = PBXFrameworksBuildPhase;
			buildActionMask = 2147483647;
			files = (
			);
			runOnlyForDeploymentPostprocessing = 0;
		};
/* End PBXFrameworksBuildPhase section */

/* Begin PBXGroup section */
		08FB7794FE84155DC02AAC07 /* iphonesim */ = {
			isa = PBXGroup;
			children = (
				08FB7795FE84155DC02AAC07 /* Source */,
				DAD3AA961476F046000828B8 /* Configs */,
				08FB779DFE84155DC02AAC07 /* External Frameworks and Libraries */,
				CEDCFC211AB7487F00467B78 /* ios-sim-tests */,
				1AB674ADFE9D54B511CA2CBB /* Products */,
			);
			name = iphonesim;
			sourceTree = "<group>";
		};
		08FB7795FE84155DC02AAC07 /* Source */ = {
			isa = PBXGroup;
			children = (
				2BB505D0197F218700AB44E6 /* CoreSimulator */,
				CE84E7661AB0AE010042581C /* DVTFoundation */,
				2BB505CE197F14DD00AB44E6 /* DVTiPhoneSimulatorRemoteClient */,
				CE84E7641AAFA7A10042581C /* IDEiOSSupportCore */,
				24813647115A750000E3A9BA /* iPhoneSimulator.h */,
				24813648115A750000E3A9BA /* iPhoneSimulator.m */,
				24813649115A750000E3A9BA /* main.m */,
				2481364A115A750000E3A9BA /* nsprintf.h */,
				2481364B115A750000E3A9BA /* nsprintf.m */,
				32A70AAB03705E1F00C91783 /* ios-sim_Prefix.pch */,
				51448B3212BCF637001F99BD /* NSString+expandPath.h */,
				51448B3312BCF637001F99BD /* NSString+expandPath.m */,
				51448B3512BD0328001F99BD /* version.h */,
			);
			name = Source;
			sourceTree = "<group>";
		};
		08FB779DFE84155DC02AAC07 /* External Frameworks and Libraries */ = {
			isa = PBXGroup;
			children = (
				08FB779EFE84155DC02AAC07 /* Foundation.framework */,
			);
			name = "External Frameworks and Libraries";
			sourceTree = "<group>";
		};
		1AB674ADFE9D54B511CA2CBB /* Products */ = {
			isa = PBXGroup;
			children = (
				8DD76FA10486AA7600D96B5E /* ios-sim */,
				CEDCFC201AB7487F00467B78 /* ios-sim-tests.xctest */,
			);
			name = Products;
			sourceTree = "<group>";
		};
		2BB505CE197F14DD00AB44E6 /* DVTiPhoneSimulatorRemoteClient */ = {
			isa = PBXGroup;
			children = (
				2BB505CF197F14DD00AB44E6 /* DVTiPhoneSimulatorRemoteClient.h */,
			);
			path = DVTiPhoneSimulatorRemoteClient;
			sourceTree = "<group>";
		};
		2BB505D0197F218700AB44E6 /* CoreSimulator */ = {
			isa = PBXGroup;
			children = (
				2BB505D1197F218700AB44E6 /* CoreSimulator.h */,
			);
			path = CoreSimulator;
			sourceTree = "<group>";
		};
		CE84E7641AAFA7A10042581C /* IDEiOSSupportCore */ = {
			isa = PBXGroup;
			children = (
				CE84E7651AAFA7A10042581C /* IDEiOSSupportCore.h */,
			);
			path = IDEiOSSupportCore;
			sourceTree = "<group>";
		};
		CE84E7661AB0AE010042581C /* DVTFoundation */ = {
			isa = PBXGroup;
			children = (
				CE84E7671AB0AE010042581C /* DVTFoundation.h */,
			);
			path = DVTFoundation;
			sourceTree = "<group>";
		};
		CEDCFC211AB7487F00467B78 /* ios-sim-tests */ = {
			isa = PBXGroup;
			children = (
				CEDCFC241AB7487F00467B78 /* ios_sim_tests.m */,
				CEDCFC221AB7487F00467B78 /* Supporting Files */,
			);
			path = "ios-sim-tests";
			sourceTree = "<group>";
		};
		CEDCFC221AB7487F00467B78 /* Supporting Files */ = {
			isa = PBXGroup;
			children = (
				CEDBC2091ABA0DF900F05586 /* PushNotificationPayload.apns */,
				CEDCFC231AB7487F00467B78 /* Info.plist */,
			);
			name = "Supporting Files";
			sourceTree = "<group>";
		};
		DAD3AA961476F046000828B8 /* Configs */ = {
			isa = PBXGroup;
			children = (
				DAD3AA901476F03C000828B8 /* ipad.plist */,
				DAD3AA911476F03C000828B8 /* iphone.plist */,
				DAD3AA921476F03C000828B8 /* retina.plist */,
			);
			name = Configs;
			sourceTree = "<group>";
		};
/* End PBXGroup section */

/* Begin PBXNativeTarget section */
		8DD76F960486AA7600D96B5E /* ios-sim */ = {
			isa = PBXNativeTarget;
			buildConfigurationList = 1DEB927408733DD40010E9CD /* Build configuration list for PBXNativeTarget "ios-sim" */;
			buildPhases = (
				8DD76F990486AA7600D96B5E /* Sources */,
				8DD76F9B0486AA7600D96B5E /* Frameworks */,
				8DD76F9E0486AA7600D96B5E /* CopyFiles */,
			);
			buildRules = (
			);
			dependencies = (
			);
			name = "ios-sim";
			productInstallPath = "$(HOME)/bin";
			productName = iphonesim;
			productReference = 8DD76FA10486AA7600D96B5E /* ios-sim */;
			productType = "com.apple.product-type.tool";
		};
		CEDCFC1F1AB7487F00467B78 /* ios-sim-tests */ = {
			isa = PBXNativeTarget;
			buildConfigurationList = CEDCFC281AB7487F00467B78 /* Build configuration list for PBXNativeTarget "ios-sim-tests" */;
			buildPhases = (
				CEDCFC1C1AB7487F00467B78 /* Sources */,
				CEDCFC1D1AB7487F00467B78 /* Frameworks */,
				CEDCFC1E1AB7487F00467B78 /* Resources */,
			);
			buildRules = (
			);
			dependencies = (
				CEDCFC2A1AB748CB00467B78 /* PBXTargetDependency */,
			);
			name = "ios-sim-tests";
			productName = "ios-sim-tests";
			productReference = CEDCFC201AB7487F00467B78 /* ios-sim-tests.xctest */;
			productType = "com.apple.product-type.bundle.unit-test";
		};
/* End PBXNativeTarget section */

/* Begin PBXProject section */
		08FB7793FE84155DC02AAC07 /* Project object */ = {
			isa = PBXProject;
			attributes = {
				LastUpgradeCheck = 0420;
				TargetAttributes = {
					CEDCFC1F1AB7487F00467B78 = {
						CreatedOnToolsVersion = 6.3;
					};
				};
			};
			buildConfigurationList = 1DEB927808733DD40010E9CD /* Build configuration list for PBXProject "ios-sim" */;
			compatibilityVersion = "Xcode 3.1";
			developmentRegion = English;
			hasScannedForEncodings = 1;
			knownRegions = (
				English,
				Japanese,
				French,
				German,
			);
			mainGroup = 08FB7794FE84155DC02AAC07 /* iphonesim */;
			projectDirPath = "";
			projectRoot = "";
			targets = (
				8DD76F960486AA7600D96B5E /* ios-sim */,
				CEDCFC1F1AB7487F00467B78 /* ios-sim-tests */,
			);
		};
/* End PBXProject section */

/* Begin PBXResourcesBuildPhase section */
		CEDCFC1E1AB7487F00467B78 /* Resources */ = {
			isa = PBXResourcesBuildPhase;
			buildActionMask = 2147483647;
			files = (
				CEDBC20A1ABA0DF900F05586 /* PushNotificationPayload.apns in Resources */,
			);
			runOnlyForDeploymentPostprocessing = 0;
		};
/* End PBXResourcesBuildPhase section */

/* Begin PBXSourcesBuildPhase section */
		8DD76F990486AA7600D96B5E /* Sources */ = {
			isa = PBXSourcesBuildPhase;
			buildActionMask = 2147483647;
			files = (
				2481364C115A750000E3A9BA /* iPhoneSimulator.m in Sources */,
				2481364D115A750000E3A9BA /* main.m in Sources */,
				2481364E115A750000E3A9BA /* nsprintf.m in Sources */,
				51448B3412BCF637001F99BD /* NSString+expandPath.m in Sources */,
			);
			runOnlyForDeploymentPostprocessing = 0;
		};
		CEDCFC1C1AB7487F00467B78 /* Sources */ = {
			isa = PBXSourcesBuildPhase;
			buildActionMask = 2147483647;
			files = (
				CEDCFC251AB7487F00467B78 /* ios_sim_tests.m in Sources */,
			);
			runOnlyForDeploymentPostprocessing = 0;
		};
/* End PBXSourcesBuildPhase section */

/* Begin PBXTargetDependency section */
		CEDCFC2A1AB748CB00467B78 /* PBXTargetDependency */ = {
			isa = PBXTargetDependency;
			target = 8DD76F960486AA7600D96B5E /* ios-sim */;
			targetProxy = CEDCFC291AB748CB00467B78 /* PBXContainerItemProxy */;
		};
/* End PBXTargetDependency section */

/* Begin XCBuildConfiguration section */
		1DEB927508733DD40010E9CD /* Debug */ = {
			isa = XCBuildConfiguration;
			buildSettings = {
				ALWAYS_SEARCH_USER_PATHS = NO;
				ARCHS = "$(ARCHS_STANDARD)";
				CLANG_WARN__DUPLICATE_METHOD_MATCH = YES;
				COPY_PHASE_STRIP = NO;
				FRAMEWORK_SEARCH_PATHS = "$(inherited)";
				GCC_DYNAMIC_NO_PIC = NO;
				GCC_ENABLE_FIX_AND_CONTINUE = YES;
				GCC_MODEL_TUNING = G5;
				GCC_OPTIMIZATION_LEVEL = 0;
				GCC_PRECOMPILE_PREFIX_HEADER = YES;
				GCC_PREFIX_HEADER = "ios-sim_Prefix.pch";
				INSTALL_PATH = /usr/local/bin;
				LD_DYLIB_INSTALL_NAME = "";
				LD_RUNPATH_SEARCH_PATHS = "";
				OTHER_LDFLAGS = "-headerpad_max_install_names";
				PRODUCT_NAME = "ios-sim";
				VALID_ARCHS = x86_64;
			};
			name = Debug;
		};
		1DEB927608733DD40010E9CD /* Release */ = {
			isa = XCBuildConfiguration;
			buildSettings = {
				ALWAYS_SEARCH_USER_PATHS = NO;
				ARCHS = "$(ARCHS_STANDARD)";
				CLANG_WARN__DUPLICATE_METHOD_MATCH = YES;
				DEBUG_INFORMATION_FORMAT = "dwarf-with-dsym";
				FRAMEWORK_SEARCH_PATHS = "$(inherited)";
				GCC_MODEL_TUNING = G5;
				GCC_PRECOMPILE_PREFIX_HEADER = YES;
				GCC_PREFIX_HEADER = "ios-sim_Prefix.pch";
				INSTALL_PATH = /usr/local/bin;
				LD_DYLIB_INSTALL_NAME = "";
				LD_RUNPATH_SEARCH_PATHS = "";
				OTHER_LDFLAGS = "-headerpad_max_install_names";
				PRODUCT_NAME = "ios-sim";
				VALID_ARCHS = x86_64;
			};
			name = Release;
		};
		1DEB927908733DD40010E9CD /* Debug */ = {
			isa = XCBuildConfiguration;
			buildSettings = {
				ALWAYS_SEARCH_USER_PATHS = NO;
				ARCHS = "$(ARCHS_STANDARD)";
				CLANG_ENABLE_OBJC_ARC = NO;
				FRAMEWORK_SEARCH_PATHS = "";
				GCC_C_LANGUAGE_STANDARD = gnu99;
				GCC_OPTIMIZATION_LEVEL = 0;
				GCC_WARN_ABOUT_RETURN_TYPE = YES;
				GCC_WARN_UNUSED_VARIABLE = YES;
				HEADER_SEARCH_PATHS = .;
				LD_RUNPATH_SEARCH_PATHS = "";
				MACOSX_DEPLOYMENT_TARGET = 10.8;
				ONLY_ACTIVE_ARCH = NO;
				OTHER_LDFLAGS = "";
				PREBINDING = NO;
				SDKROOT = "";
				VALID_ARCHS = x86_64;
			};
			name = Debug;
		};
		1DEB927A08733DD40010E9CD /* Release */ = {
			isa = XCBuildConfiguration;
			buildSettings = {
				ALWAYS_SEARCH_USER_PATHS = NO;
				ARCHS = "$(ARCHS_STANDARD)";
				CLANG_ENABLE_OBJC_ARC = NO;
				FRAMEWORK_SEARCH_PATHS = "";
				GCC_C_LANGUAGE_STANDARD = gnu99;
				GCC_WARN_ABOUT_RETURN_TYPE = YES;
				GCC_WARN_UNUSED_VARIABLE = YES;
				HEADER_SEARCH_PATHS = .;
				LD_RUNPATH_SEARCH_PATHS = "";
				MACOSX_DEPLOYMENT_TARGET = 10.8;
				ONLY_ACTIVE_ARCH = NO;
				OTHER_LDFLAGS = "";
				PREBINDING = NO;
				SDKROOT = "";
				VALID_ARCHS = x86_64;
			};
			name = Release;
		};
		CEDCFC261AB7487F00467B78 /* Debug */ = {
			isa = XCBuildConfiguration;
			buildSettings = {
				CLANG_CXX_LANGUAGE_STANDARD = "gnu++0x";
				CLANG_CXX_LIBRARY = "libc++";
				CLANG_ENABLE_MODULES = YES;
				CLANG_ENABLE_OBJC_ARC = YES;
				CLANG_WARN_BOOL_CONVERSION = YES;
				CLANG_WARN_CONSTANT_CONVERSION = YES;
				CLANG_WARN_DIRECT_OBJC_ISA_USAGE = YES_ERROR;
				CLANG_WARN_EMPTY_BODY = YES;
				CLANG_WARN_ENUM_CONVERSION = YES;
				CLANG_WARN_INT_CONVERSION = YES;
				CLANG_WARN_OBJC_ROOT_CLASS = YES_ERROR;
				CLANG_WARN_UNREACHABLE_CODE = YES;
				CLANG_WARN__DUPLICATE_METHOD_MATCH = YES;
				COMBINE_HIDPI_IMAGES = YES;
				COPY_PHASE_STRIP = NO;
				DEBUG_INFORMATION_FORMAT = dwarf;
				ENABLE_STRICT_OBJC_MSGSEND = YES;
				FRAMEWORK_SEARCH_PATHS = (
					"$(DEVELOPER_FRAMEWORKS_DIR)",
					"$(inherited)",
				);
				GCC_DYNAMIC_NO_PIC = NO;
				GCC_NO_COMMON_BLOCKS = YES;
				GCC_PREPROCESSOR_DEFINITIONS = (
					"DEBUG=1",
					"$(inherited)",
				);
				GCC_SYMBOLS_PRIVATE_EXTERN = NO;
				GCC_WARN_64_TO_32_BIT_CONVERSION = YES;
				GCC_WARN_ABOUT_RETURN_TYPE = YES_ERROR;
				GCC_WARN_UNDECLARED_SELECTOR = YES;
				GCC_WARN_UNINITIALIZED_AUTOS = YES_AGGRESSIVE;
				GCC_WARN_UNUSED_FUNCTION = YES;
				INFOPLIST_FILE = "ios-sim-tests/Info.plist";
				LD_RUNPATH_SEARCH_PATHS = "$(inherited) @executable_path/../Frameworks @loader_path/../Frameworks";
				MACOSX_DEPLOYMENT_TARGET = 10.10;
				MTL_ENABLE_DEBUG_INFO = YES;
				ONLY_ACTIVE_ARCH = YES;
				PRODUCT_NAME = "$(TARGET_NAME)";
				SDKROOT = macosx;
			};
			name = Debug;
		};
		CEDCFC271AB7487F00467B78 /* Release */ = {
			isa = XCBuildConfiguration;
			buildSettings = {
				CLANG_CXX_LANGUAGE_STANDARD = "gnu++0x";
				CLANG_CXX_LIBRARY = "libc++";
				CLANG_ENABLE_MODULES = YES;
				CLANG_ENABLE_OBJC_ARC = YES;
				CLANG_WARN_BOOL_CONVERSION = YES;
				CLANG_WARN_CONSTANT_CONVERSION = YES;
				CLANG_WARN_DIRECT_OBJC_ISA_USAGE = YES_ERROR;
				CLANG_WARN_EMPTY_BODY = YES;
				CLANG_WARN_ENUM_CONVERSION = YES;
				CLANG_WARN_INT_CONVERSION = YES;
				CLANG_WARN_OBJC_ROOT_CLASS = YES_ERROR;
				CLANG_WARN_UNREACHABLE_CODE = YES;
				CLANG_WARN__DUPLICATE_METHOD_MATCH = YES;
				COMBINE_HIDPI_IMAGES = YES;
				COPY_PHASE_STRIP = NO;
				DEBUG_INFORMATION_FORMAT = "dwarf-with-dsym";
				ENABLE_NS_ASSERTIONS = NO;
				ENABLE_STRICT_OBJC_MSGSEND = YES;
				FRAMEWORK_SEARCH_PATHS = (
					"$(DEVELOPER_FRAMEWORKS_DIR)",
					"$(inherited)",
				);
				GCC_NO_COMMON_BLOCKS = YES;
				GCC_WARN_64_TO_32_BIT_CONVERSION = YES;
				GCC_WARN_ABOUT_RETURN_TYPE = YES_ERROR;
				GCC_WARN_UNDECLARED_SELECTOR = YES;
				GCC_WARN_UNINITIALIZED_AUTOS = YES_AGGRESSIVE;
				GCC_WARN_UNUSED_FUNCTION = YES;
				INFOPLIST_FILE = "ios-sim-tests/Info.plist";
				LD_RUNPATH_SEARCH_PATHS = "$(inherited) @executable_path/../Frameworks @loader_path/../Frameworks";
				MACOSX_DEPLOYMENT_TARGET = 10.10;
				MTL_ENABLE_DEBUG_INFO = NO;
				PRODUCT_NAME = "$(TARGET_NAME)";
				SDKROOT = macosx;
			};
			name = Release;
		};
/* End XCBuildConfiguration section */

/* Begin XCConfigurationList section */
		1DEB927408733DD40010E9CD /* Build configuration list for PBXNativeTarget "ios-sim" */ = {
			isa = XCConfigurationList;
			buildConfigurations = (
				1DEB927508733DD40010E9CD /* Debug */,
				1DEB927608733DD40010E9CD /* Release */,
			);
			defaultConfigurationIsVisible = 0;
			defaultConfigurationName = Release;
		};
		1DEB927808733DD40010E9CD /* Build configuration list for PBXProject "ios-sim" */ = {
			isa = XCConfigurationList;
			buildConfigurations = (
				1DEB927908733DD40010E9CD /* Debug */,
				1DEB927A08733DD40010E9CD /* Release */,
			);
			defaultConfigurationIsVisible = 0;
			defaultConfigurationName = Release;
		};
		CEDCFC281AB7487F00467B78 /* Build configuration list for PBXNativeTarget "ios-sim-tests" */ = {
			isa = XCConfigurationList;
			buildConfigurations = (
				CEDCFC261AB7487F00467B78 /* Debug */,
				CEDCFC271AB7487F00467B78 /* Release */,
			);
			defaultConfigurationIsVisible = 0;
			defaultConfigurationName = Release;
		};
/* End XCConfigurationList section */
	};
	rootObject = 08FB7793FE84155DC02AAC07 /* Project object */;
}
